
Microsoft Visual Studio Solution File, Format Version 12.00
# Visual Studio Version 17
VisualStudioVersion = 17.1.32421.90
MinimumVisualStudioVersion = 10.0.40219.1
Project("{FAE04EC0-301F-11D3-BF4B-00C04F79EFBC}") = "eTickers", "eTickers\eTickers.csproj", "{B07B702A-80BA-40B5-8FB7-A687011CFF30}"
EndProject
Global
	GlobalSection(SolutionConfigurationPlatforms) = preSolution
		Debug|Any CPU = Debug|Any CPU
		Release|Any CPU = Release|Any CPU
	EndGlobalSection
	GlobalSection(ProjectConfigurationPlatforms) = postSolution
		{B07B702A-80BA-40B5-8FB7-A687011CFF30}.Debug|Any CPU.ActiveCfg = Debug|Any CPU
		{B07B702A-80BA-40B5-8FB7-A687011CFF30}.Debug|Any CPU.Build.0 = Debug|Any CPU
		{B07B702A-80BA-40B5-8FB7-A687011CFF30}.Release|Any CPU.ActiveCfg = Release|Any CPU
		{B07B702A-80BA-40B5-8FB7-A687011CFF30}.Release|Any CPU.Build.0 = Release|Any CPU
	EndGlobalSection
	GlobalSection(SolutionProperties) = preSolution
		HideSolutionNode = FALSE
	EndGlobalSection
	GlobalSection(ExtensibilityGlobals) = postSolution
		SolutionGuid = {60BD455C-55EC-48DB-9986-C755059DEA35}
	EndGlobalSection
EndGlobal
